
Microsoft Visual Studio Solution File, Format Version 12.00
# Visual Studio Version 16
VisualStudioVersion = 16.0.30711.63
MinimumVisualStudioVersion = 10.0.40219.1
Project("{FAE04EC0-301F-11D3-BF4B-00C04F79EFBC}") = "RestaurantRater", "RestaurantRater\RestaurantRater.csproj", "{B641D46A-4E0C-453B-BE5F-E85882CD7593}"
EndProject
Global
	GlobalSection(SolutionConfigurationPlatforms) = preSolution
		Debug|Any CPU = Debug|Any CPU
		Release|Any CPU = Release|Any CPU
	EndGlobalSection
	GlobalSection(ProjectConfigurationPlatforms) = postSolution
		{B641D46A-4E0C-453B-BE5F-E85882CD7593}.Debug|Any CPU.ActiveCfg = Debug|Any CPU
		{B641D46A-4E0C-453B-BE5F-E85882CD7593}.Debug|Any CPU.Build.0 = Debug|Any CPU
		{B641D46A-4E0C-453B-BE5F-E85882CD7593}.Release|Any CPU.ActiveCfg = Release|Any CPU
		{B641D46A-4E0C-453B-BE5F-E85882CD7593}.Release|Any CPU.Build.0 = Release|Any CPU
	EndGlobalSection
	GlobalSection(SolutionProperties) = preSolution
		HideSolutionNode = FALSE
	EndGlobalSection
	GlobalSection(ExtensibilityGlobals) = postSolution
		SolutionGuid = {31325F2F-307B-48D0-9FF6-767853276EE2}
	EndGlobalSection
EndGlobal
